
Microsoft Visual Studio Solution File, Format Version 12.00
# Visual Studio Version 17
VisualStudioVersion = 17.5.33516.290
MinimumVisualStudioVersion = 10.0.40219.1
Project("{FAE04EC0-301F-11D3-BF4B-00C04F79EFBC}") = "TugasTaxi", "Tugas Taxi\TugasTaxi.csproj", "{1F0395E8-A819-4404-ABD5-A146991AEB97}"
EndProject
Global
	GlobalSection(SolutionConfigurationPlatforms) = preSolution
		Debug|Any CPU = Debug|Any CPU
		Release|Any CPU = Release|Any CPU
	EndGlobalSection
	GlobalSection(ProjectConfigurationPlatforms) = postSolution
		{1F0395E8-A819-4404-ABD5-A146991AEB97}.Debug|Any CPU.ActiveCfg = Debug|Any CPU
		{1F0395E8-A819-4404-ABD5-A146991AEB97}.Debug|Any CPU.Build.0 = Debug|Any CPU
		{1F0395E8-A819-4404-ABD5-A146991AEB97}.Release|Any CPU.ActiveCfg = Release|Any CPU
		{1F0395E8-A819-4404-ABD5-A146991AEB97}.Release|Any CPU.Build.0 = Release|Any CPU
	EndGlobalSection
	GlobalSection(SolutionProperties) = preSolution
		HideSolutionNode = FALSE
	EndGlobalSection
	GlobalSection(ExtensibilityGlobals) = postSolution
		SolutionGuid = {2BBE5090-8741-47D6-9204-188D9C59174C}
	EndGlobalSection
EndGlobal
